{
    "_meta": {
        "hash": {
            "sha256": "3a37f223e638c74f75fb202ab6a32ac2824928e5d57a8f702bc89554ac40beba"
        },
        "pipfile-spec": 6,
        "requires": {
            "python_version": "3.11"
        },
        "sources": [
            {
                "name": "pypi",
                "url": "https://pypi.org/simple",
                "verify_ssl": true
            }
        ]
    },
    "default": {
        "colorama": {
            "hashes": [
                "sha256:08695f5cb7ed6e0531a20572697297273c47b8cae5a63ffc6d6ed5c201be6e44",
                "sha256:4f1d9991f5acc0ca119f9d443620b77f9d6b33703e51011c16baf57afb285fc6"
            ],
            "index": "pypi",
            "markers": "python_version >= '2.7' and python_version not in '3.0, 3.1, 3.2, 3.3, 3.4, 3.5, 3.6'",
            "version": "==0.4.6"
        },
        "exifread": {
            "hashes": [
                "sha256:9f998f80d3062741c976dfc4fd033424bc40932937994e4d2181eb70c4b6aedd",
                "sha256:e5426ce2857423ad401e575ea9d159dc97449dc041fb6e61b35109caea72c311"
            ],
            "index": "pypi",
            "markers": "python_version >= '3.7'",
            "version": "==3.5.1"
        },
        "numpy": {
            "hashes": [
                "sha256:001fbb8e08d942dd57599e781f2472269ee7f2755fae407b4f67b2f0b17da3f1",
                "sha256:0280e0356c0829a18d9de1cb7eee50ec22ca639878d7240307ca0943d73cd2c4",
                "sha256:043191bfa8eab18c776647b62723ac9dddece59743b13f49b2016094129c2b3f",
                "sha256:06ca2f61ec4385a07a6977c55ba998a4466c123642b4a32694d3128fce18c079",
                "sha256:0a041d3d761dc3c35cc56ce0351506a02bcbc25f7b169f652435141a17db9096",
                "sha256:0ab0a9c4ffb1a6d95ef519fe4247dba8eb6b18ad93999f76b7f657039acabd47",
                "sha256:0c9136e14ed34a9e343a31c533d78a9813a69a3148332bce5e9821cb2f996e66",
                "sha256:110f8b71aacb688ec69062bb7f6938a0f8acb01b7c1c4beb453c65b6d234584d",
                "sha256:112b06a867b235ef466ed3508ddf0238050df9c727cafb5301ac385b899189a1",
                "sha256:17f9ade344e7d9b464a084d69bcf18fc691cb1db67c62ed80820bf4926d78f0e",
                "sha256:1e254a00cdf42b1e4d5b3d68d33af63268d41340d8885df2ab6470f2e1500147",
                "sha256:1e978ec1e8bd0e0e4de6bb75de9d30cbb74db6b6a2bb727618613703ca0167dd",
                "sha256:25c692919ac5a01f170a3bfcd62d745b24fd095c353d50812637d6fcab442e75",
                "sha256:260a5d70215b61ab4fadf5c7baacd64821842975eea312125ed3c39a6391b063",
                "sha256:2803abfebfc990042cd494d8ce2d5f82e9d847af6d35ec486923aa19dbad5e73",
                "sha256:29a287e0cf63ff528da061de6b9f64a4618da591ca1046aafc54062e40ca7eab",
                "sha256:29cb7f67d10b479ff07c17d33e39f78c07f71c40ef30d63c153d340e96cd3fb4",
                "sha256:3213d622a0283a39a93d188f3cf72b26862df52fbb4ca3697f51705016523d41",
                "sha256:33111801a01c12a8a1e3721f0a9232f8cfc8ae2c6b7098167e6f623c6073f402",
                "sha256:357cc07a6d7b0b182ff02249616a03742827ebb1277546b5c7cd7f7620a45698",
                "sha256:38efbc8de75c7a0fc1ac190162d892787f3f47b57cc291231aafee36b80982b7",
                "sha256:4081eb135ac24158bd51cdfbef16f1c64df7063b1143f24731387137c092bec8",
                "sha256:40fdc1ae7125e518ea98e53e69a4ebc27e1fd50510c47b7ea130cf21e5e1d42b",
                "sha256:4cfe66903cc32a9921a6733d96b19bb6abf310397581bbad89c228f5abaf0ee8",
                "sha256:511dbaf848decaaaf4b4ca48032619fb3138710c4bf7da7617765edad1ef96b0",
                "sha256:55cced7c52e981362f708ad635198e97a752dfba412cc03c23bbf3bd8d5cd662",
                "sha256:56b39e5e0622a09a25bf5baf62f4bcf0cb8a41ae6e2819cf49bbc5a74c083f91",
                "sha256:5dbbdb29840ca3d91ee0fece42fc29278886d908280bfec0a5846c6f901a3eb0",
                "sha256:5f9fb9157b4ce2971008323afe46053787b526ef624fea915b261468a8421a0f",
                "sha256:6180d8b35af935aed8ece3a85e0a43f87393ae0ac87c8d2c8bd2c993f7270ef3",
                "sha256:68a5124b13fa6cc2086764a20005d30bc0548146f7f5322f02fce212ca14317f",
                "sha256:68bb27509ac1b9a3443094260f6326150663b06abe40b73a2f81160623da5b67",
                "sha256:6f41ae150c4e32db4f3310cdaf64b1593a03dbabe29eec77fc9b50fe64061df6",
                "sha256:7265a2f3d436e54ef9f2b52b5c937e6be778781bd97a590319d7348f1c1ca997",
                "sha256:72fbe16c6fac95aedf5937fa873445cec2110be35d8a4e9433d7501fd98dae6b",
                "sha256:7d92c3819208a60205a12a245c91ad70cb0a85336659b19b834205573ac8456e",
                "sha256:8155154c7c691289fe18f510b5d4657c68c67989f293f0535a91360392ff6538",
                "sha256:81a1cca95ed5bb92aa8b10dd2cdc9a0d3853a50fad926c28b5d7e8ea54389627",
                "sha256:89cd468399cfd2504718f0ba50e410dca55a170b61a02ad92bb18c8a65186e93",
                "sha256:8ad03c0965fb3c692200e74d458ca28c1dbb4ce96f9a479a8aa041ad5fabca02",
                "sha256:90f9849678c75fe7afa2d348ac842c168b0a4d3d61919687216dfc547976d853",
                "sha256:948424b06129ce883307e8cff868c31396d8dc7630a59c61d70d98dbe70f222c",
                "sha256:9cd5ffd25db4e7ba6a375693b3fc0fc1791ec636c17db3720da19bde7180ec43",
                "sha256:a0df0043bdb289bde1f62da130d20df23d58b45429f752bc7a8fc5325a225ecd",
                "sha256:a2c306dea656c12c68f51f4cea133cbe78ca7435eb28c735eac1d3ebe73be6e8",
                "sha256:a7830bab239b79cda9c08c2da014761cafb48da6150e1da17ac06283f43b6089",
                "sha256:a7c711e21628b52034bb5ab8d1bce291f752fcc5e92accc615778acee1ff4778",
                "sha256:aaf159caa35993cb1f56fb9b8e4610d35758e7ca005412eb1daa856a78c9c4b1",
                "sha256:ae506e6902902557576a26ff33eda8695e7ecb3cb36c3b573a0765dee114ebdb",
                "sha256:b507f5c4c1d508876d1819b6bf9a49d365b96320b5d4993426b33a23ca4b8261",
                "sha256:bf162abab1c1a736333192707cef898e735a5ca00f38f27eeedf44b39d9e85eb",
                "sha256:c1a2af6c6ef86344a6b0db6b97834208bf598db514f2b155042439b62605601a",
                "sha256:c2d37ab77531417474168eb79d6d80b14f821a966818505d03013d0833edb7a8",
                "sha256:c4fc99836233ea196540b17ab0983aff60ed07941751930f5f4d05bc3b3b7359",
                "sha256:d581b735e177fdcdce6fed8e7e8880a3fb6ee4e3653a3ac6af01c6f4c03effc5",
                "sha256:d6da64deb6b8ed903e7560180a92f2d804ee1ba5eeb849ac2748b8c1aba1f6d7",
                "sha256:d8e8286dd7cea7895157318d1b91cdacac64c479f3cbc8dce548331728484751",
                "sha256:ddea102b48f9e339f3948bf22040944184627a30fdf7f858667673b9c5f033c8",
                "sha256:dfa20cc6ca228e6b155b11da03825975ce66aea520985dbbddf0f2a5a495c605",
                "sha256:e3e5193ef5a3dc73bceee50f7fdc2c90dbb76c42df8d8fae3d1067a583df579e",
                "sha256:e3eeb0aabd6bd5ce64faae67e9935203a6991b4bc2a485a767fbafb2c5125f45",
                "sha256:e5805d5a22fd19c8ccff10a9561f9df94436b0545619ea579db2d3c35294bce2",
                "sha256:e85b752a1e912b70eaad4fafbd4d1238007ab221de2009b9a2f5ae7461239895",
                "sha256:eaf7fa2de5c0be8ae6ff8e9bea2ccd725e980541244521d8d4b5f3354a27babe",
                "sha256:ebfb099f8dcf083deef3ac1ca4c1503f387cf76296fcb3816b66f5ecb5f54fdb",
                "sha256:ece3d2cfe132e7d51f44a832b303895e6f2d499c5e74dfbdb06ee246147a304a",
                "sha256:ed9749eef4cbd126da3dc1d6bcb3a57f5eb7ac6a6484146bdbf743f552dfc577",
                "sha256:ede83e07a75dd06bc501566c1eca2afc0d61677c1472ac9ad93fdee6e638a48d",
                "sha256:ef4aea96ce4d3b074422cb4f2f64e216bf9e213004bb58ecfdf50ea02ea8eb9a",
                "sha256:f3a3570c4a2a16746ac2c31a7c7c7b0c186b95ce902e33db6f28094ed7387dda",
                "sha256:f407cb6b8e9d6d8c626bc73c945db1706035af8fd632295547bf1c9e46d092d6",
                "sha256:f74a575920ab21fe304421a3fc28793d82e299cae9eccb37084e9fc7f3617c20"
            ],
            "markers": "python_version >= '3.11'",
            "version": "==2.4.6"
        },
        "pillow": {
            "hashes": [
                "sha256:00177a63030d612148e659b55ba99527803288cea7c75fb05766ab7981a8c1b7",
                "sha256:006bcdd307cc47ba43e924099a038cbf9591062e6c50e570819743f5607404f5",
                "sha256:084a07ef0821cfe4858fe86652fffac8e187b6ae677e9906e192aafcc1b69903",
                "sha256:0ae08bd8ffc41aebf578c2af2f9d8749d91f448b3bfd41d7d9ff573d74f2a6b2",
                "sha256:0e038b0745997c7dcaae350d35859c9715c71e92ffb7e0f4a8e8a16732150f38",
                "sha256:1187739620f2b365de756ce086fdb3604573337cc28a0d3ac4a01ab6b2d2a6d2",
                "sha256:16095692a253047fe3ec028e951fa4221a1f3ed3d80c397e83541a3037ff67c9",
                "sha256:1a61b54f87ab5786b8479f81c4b11f4d61702830354520837f8cc791ebba0f5f",
                "sha256:1c1d72714f429a521d8d2d018badc42414c3077eb187a59579f28e4270b4b0fc",
                "sha256:1e2688958a840c822279fda0086fec1fdab2f95bf2b717b66871c4ad9859d7e8",
                "sha256:20ec184af98a121fb2da42642dea8a29ec80fc3efbaefb86d8fdd2606619045d",
                "sha256:21a0d3b115009ebb8ac3d2ebec5c2982cc693da935f4ab7bb5c8ebe2f47d36f2",
                "sha256:224aaa38177597bb179f3ec87eeefcce8e4f85e608025e9cfac60de237ba6316",
                "sha256:2679d2258b7f1192b378e2893a8a0a0ca472234d4c2c0e6bdd3380e8dfa21b6a",
                "sha256:27a7860107500d813fcd203b4ea19b04babe79448268403172782754870dac25",
                "sha256:290f2cc809f9da7d6d622550bbf4c1e57518212da51b6a30fe8e0a270a5b78bd",
                "sha256:2e46773dc9f35a1dd28bd6981332fd7f27bec001a918a72a79b4133cf5291dba",
                "sha256:3107c66e43bda25359d5ef446f59c497de2b5ed4c7fdba0894f8d6cf3822dafc",
                "sha256:375b8dd15a1f5d2feafff536d47e22f69625c1aa92f12b339ec0b2ca40263273",
                "sha256:45c566eb10b8967d71bf1ab8e4a525e5a93519e29ea071459ce517f6b903d7fa",
                "sha256:499c3a1b0d6fc8213519e193796eb1a86a1be4b1877d678b30f83fd979811d1a",
                "sha256:4ad70c4214f67d7466bea6a08061eba35c01b1b89eaa098040a35272a8efb22b",
                "sha256:4b60c9520f7207aaf2e1d94de026682fc227806c6e1f55bba7606d1c94dd623a",
                "sha256:5178952973e588b3f1360868847334e9e3bf49d19e169bbbdfaf8398002419ae",
                "sha256:52a2d8323a465f84faaba5236567d212c3668f2ab53e1c74c15583cf507a0291",
                "sha256:598b4e238f13276e0008299bd2482003f48158e2b11826862b1eb2ad7c768b97",
                "sha256:5bd2d3bdb846d757055910f0a59792d33b555800813c3b39ada1829c372ccb06",
                "sha256:5c39ed17edea3bc69c743a8dd3e9853b7509625c2462532e62baa0732163a904",
                "sha256:5d203af30149ae339ad1b4f710d9844ed8796e97fda23ffbc4cc472968a47d0b",
                "sha256:5ddbfd761ee00c12ee1be86c9c0683ecf5bb14c9772ddbd782085779a63dd55b",
                "sha256:607bbe123c74e272e381a8d1957083a9463401f7bd01287f50521ecb05a313f8",
                "sha256:61b887f9ddba63ddf62fd02a3ba7add935d053b6dd7d58998c630e6dbade8527",
                "sha256:6619654954dc4936fcff82db8eb6401d3159ec6be81e33c6000dfd76ae189947",
                "sha256:674629ff60030d144b7bca2b8330225a9b11c482ed408813924619c6f302fdbb",
                "sha256:6ec0d5af64f2e3d64a165f490d96368bb5dea8b8f9ad04487f9ab60dc4bb6003",
                "sha256:6f4dba50cfa56f910241eb7f883c20f1e7b1d8f7d91c750cd0b318bad443f4d5",
                "sha256:70fbbdacd1d271b77b7721fe3cdd2d537bbbd75d29e6300c672ec6bb38d9672f",
                "sha256:72bacbaf24ac003fea9bff9837d1eedb6088758d41e100c1552930151f677739",
                "sha256:7326a1787e3c7b0429659e0a944725e1b03eeaa10edd945a86dead1913383944",
                "sha256:73853108f56df97baf2bb8b522f3578221e56f646ba345a372c78326710d3830",
                "sha256:73e3a0200cdda995c7e43dd47436c1548f87a30bb27fb871f352a22ab8dcf45f",
                "sha256:75acbbeb05b86bc53cbe7b7e6fe00fbcf82ad7c684b3ad82e3d711da9ba287d3",
                "sha256:8069c5179902dcdce0be9bfc8235347fdbac249d23bd90514b7a47a72d9fecf4",
                "sha256:846e193e103b41e984ac921b335df59195356ce3f71dcfd155aa79c603873b84",
                "sha256:8594f42df584e5b4bb9281799698403f7af489fba84c34d53d1c4bfb71b7c4e7",
                "sha256:86510e3f5eca0ab87429dd77fafc04693195eec7fd6a137c389c3eeb4cfb77c6",
                "sha256:8853a3bf12afddfdf15f57c4b02d7ded92c7a75a5d7331d19f4f9572a89c17e6",
                "sha256:88a58d8ac0cc0e7f3a014509f0455248a76629ca9b604eca7dc5927cc593c5e9",
                "sha256:8ba470552b48e5835f1d23ecb936bb7f71d206f9dfeee64245f30c3270b994de",
                "sha256:8c676b587da5673d3c75bd67dd2a8cdfeb282ca38a30f37950511766b26858c4",
                "sha256:8ec4a89295cd6cd4d1058a5e6aec6bf51e0eaaf9714774e1bfac7cfc9051db47",
                "sha256:94f3e1780abb45062287b4614a5bc0874519c86a777d4a7ad34978e86428b8dd",
                "sha256:9a0f748eaa434a41fccf8e1ee7a3eed68af1b690e75328fd7a60af123c193b50",
                "sha256:a5629742881bcbc1f42e840af185fd4d83a5edeb96475a575f4da50d6ede337c",
                "sha256:a65149d8ada1055029fcb665452b2814fe7d7082fcb0c5bed6db851cb69b2086",
                "sha256:b3c5ac4bed7519088103d9450a1107f76308ecf91d6dabc8a33a2fcfb18d0fba",
                "sha256:b4fd7bd29610a83a8c9b564d457cf5bd92b4e11e79a4ee4716a63c959699b306",
                "sha256:bcd1fb5bb7b07f64c15618c89efcc2cfa3e95f0e3bcdbaf4642509de1942a699",
                "sha256:c12b5ae868897c7338519c03049a806af85b9b8c237b7d675b8c5e089e4a618e",
                "sha256:c26845094b1af3c91852745ae78e3ea47abf3dbcd1cf962f16b9a5fbe3ee8488",
                "sha256:c6a660307ca9d4867caa8d9ca2c2658ab685de83792d1876274991adec7b93fa",
                "sha256:c809a70e43c7977c4a42aefd62f0131823ebf7dd73556fa5d5950f5b354087e2",
                "sha256:c8b2351c85d855293a299038e1f89db92a2f35e8d2f783489c6f0b2b5f3fe8a3",
                "sha256:cb929ca942d0ec4fac404cbf520ee6cac37bf35be479b970c4ffadf2b6a1cad9",
                "sha256:d2c0a187a92a1cb5ef2c8ed5412dd8d4334272617f532d4ad4de31e0495bd923",
                "sha256:d69bfd8ec3219ae71bcde1f942b728903cad25fafe3100ba2258b973bd2bc1b2",
                "sha256:daffdf51ee5db69a82dd127eabecce20729e21f7a3680cf7cbb23f0829189790",
                "sha256:e58876c91f97b0952eb766123bfef372792ab3f4e3e1f1a2267834c2ab131734",
                "sha256:eda2616eb2313cbb3eebbe51f19362eb434b18e3bb599466a1ffa76a033fb916",
                "sha256:ee217c198f2e41f184f3869f3e485557296d505b5195c513b2bfe0062dc537f1",
                "sha256:f02541ef64077f22bf4924f225c0fd1248c168f86e4b7abdedd87d6ebaceab0f",
                "sha256:f1b82c27e89fffc6da125d5eb0ca6e68017faf5efc078128cfaa42cf5cb38798",
                "sha256:fba162b8872d30fea8c52b258a542c5dfd7b235fb5cb352240c8d63b414013eb",
                "sha256:fbbcb7b57dc9c794843e3d1258c0fbf0f48656d46ffe9e09b63bbd6e8cd5d0a2",
                "sha256:fcb4621042ac4b7865c179bb972ed0da0218a076dc1820ffc48b1d74c1e37fe9"
            ],
            "index": "pypi",
            "markers": "python_version >= '3.9'",
            "version": "==11.0.0"
        },
        "pillow-avif-plugin": {
            "hashes": [
                "sha256:04f7efc2bd261331fbf946b8481b48d06e82bf69b14d32e5ee13d1fda6bca5e5",
                "sha256:08fd0f6b85264a043571affe8bc076e0a93974dbbf0dac8df1138da0bac1f7a3",
                "sha256:1508e58b163680d5814d7d89e92d3c0c0c321e8733dbd5e560e0a9564ce12fa0",
                "sha256:1686edf1b9462e4950a5f5672ba3ee6a90d600f6a09cb751266614c24309f11d",
                "sha256:1a7089e0245be8dd15fce649e658a8ef886691955d4ede691d4c619756890c88",
                "sha256:1fa15595fcef776890c13b662946fff014160b423449d324b942fcfb1c6e7336",
                "sha256:1fca2c44cba5d60883b07b8499ee12c4718de9c58b195f7c2ab009e8777607cc",
                "sha256:20d2d6d3faf469a09aa7de2182702974cdf68dc99907a9e0db076cd441df2e69",
                "sha256:23e9420d4710fbb8a2654e42daa2cc30f2d7f4e9d71654374155ac4ab794cb7b",
                "sha256:28d2d7d9957c5de572811a222558d262c9ffb916316fafcdda9a051df1a0c9f6",
                "sha256:2b033bb313a7d4d5959da63abccdabda8b32115a69e7d90838f80974da5e7098",
                "sha256:2c14a640428a329d7132f4d6ca5a9d4e55181bd0d79cc5d5acf87c60761140e9",
                "sha256:2cd412b955da5f15f951ae0aec371cec52e27f141693423e185b9af5ac3879b5",
                "sha256:30127a4a448d1ef2cf950a55a9b859fa9eaf4045c0e6cb89a3cf07c5a2a666c7",
                "sha256:341d2b034ddd69a2bf9d1577992915bd092706cc5cc879077a990c20f5327330",
                "sha256:36216c11f6e720037b1aca3a4df5c7671fa000d19261300574e23d4cddbec4c0",
                "sha256:39177b51dd03e904b972a5575fec16ce47e356b4e38b4a49f6ba49886cb7830a",
                "sha256:3bb2bd723fd731ff142ffa5785003faf6e1de339a544a87216d21d8edb34ef49",
                "sha256:41b28e3d0c05f65b3a809fb0134feb3100b060f1de766ad155de080fad1ed413",
                "sha256:42188e5122013fb338a2f4403914ddb9a895bfa1956c13a26f42701ed753d145",
                "sha256:49d94f02b3c2a5e9b2903ad495dde157ab64865ef634ba67c99426e261a559c0",
                "sha256:4c28e352036891d10eb1b04df1c04a605dfe62b0bc7f1a00493e018639229886",
                "sha256:5281a6e7b1d1dfcb350040cc31a3e71ac7c1fc17e0946490b3d1e18712492f24",
                "sha256:53ae4f3e766f9acfd3c0ebc0db38e90c8718b14e314389abd8222200fe88fda1",
                "sha256:5c6ed23a7e20b2602b24bc488721f1d758adb2cae8f7cc545ada2d285434d40b",
                "sha256:5faf219c2bc5f34fbcf5e3999bb893e0c4e2884eea722b1eb71f4fc851c852c3",
                "sha256:647e9040ba72da711a7fa00b0e592993f488c6b6b49b25d5eee79a7e61f4ed92",
                "sha256:6d1a4352eca96bcf1385214d0ee32b8cfed6cd8d33c57716d3e68770c3cd0ddd",
                "sha256:6eca29c23977d6a7874e25cfcf954aa2dfff568e52340544fe849d59ba156539",
                "sha256:749731bdd454a08205eb8aee30a5ea1151901a7784505a0622952054dfe218e8",
                "sha256:7603f976bdcecd129e747ee6f42af3b89b88cbbca1b3fed461579fe177bec4f9",
                "sha256:762bad86d048ccd8f71e3fbbba92a14e50640097428b34aeec74b7132e143b2c",
                "sha256:7878f9dc47a24b7ba36b2c328e98ba074528a978db50a592ece817a288258d78",
                "sha256:78ea13b9c5fd4d66af7e1fb3b536c01b8fa2db396fea1a8d2cd7ad3eeed00014",
                "sha256:80ee40f33938bd9aa3d3628d1c55465fde56a3aa026aa5f0cbb8b3a62a23aa33",
                "sha256:81225eb68dac3e3cb9cc6394ec0e484240e2abacb4ef9b730f720751c20c39e7",
                "sha256:81354d2bcd000d5a36c3ce7506ba529e639a9b5b439e7eb9893116310cdff855",
                "sha256:83f8963d82e5afe9fd93d74d688b6df557e481d93a1e5da491d6ac56a4cfb1dc",
                "sha256:845bcb4ad81ad73c07521362e73c2b77de3ea4aa5b09c52bce230bff0e8acdcc",
                "sha256:855f1d75073b80ec1e6c5b51e97172a3365c79df183d67a9ac372f8d04940d45",
                "sha256:856d4ab816c1b1b53078778a48c5cb90c986935a0c9c7ec6b4f6ec7c23823b30",
                "sha256:86b00124b01ad6cc859145b209e6698ef6371abe9ef57f8a69c20b2572b92a69",
                "sha256:86b76c39f2b08bc387b42a9ce11d54e536ab76761a9e5070f620524daf872bce",
                "sha256:8bae68179e21acc8a676d39e99382913406a19b627c6165048c9f06c5c21df3a",
                "sha256:8fc12dd81cc3c2290c579694c938b2f7a2f289aeb73f3accb25667388914eefa",
                "sha256:91478b27ec1cdf38d92f8e40e5df789284f995a7041ae5342f8edfae0aec2022",
                "sha256:9190008f75cf9f144e7016e17417a2a1b68c532bb8668e1e99ba7a02d8b874c7",
                "sha256:9232c31b2c3264f42a933a172f31e9c13dd4ea9f052fc5a2e72aefd2af70f329",
                "sha256:96688ec947be94ef54a76a6f4299bce65d978cd07d7ee931b71f2f521e3ac288",
                "sha256:9c3c0bd9a0ad9f1f16357cd1dc5a655da5916ddc04be3ed9320806afe802e1d7",
                "sha256:a078f67b2fbc3d1a94a56e4f1ca5f0b507d0be0566df12387d0e07f9fb8f84a1",
                "sha256:a6cdfd43178cd558e306bd835ba0af4107292b9934aac7a48817cc4b3da7531b",
                "sha256:a973d6894c43dc9fce2a9334baaf4b29818f1b412ee4c93159bd538f14d304cc",
                "sha256:ac9c90bf98a03b3d5257149fd08a5a33965eefcb997dd8e056ea976b7a241a26",
                "sha256:b489757b8c0e5aa2e58452c400e00f076dfd4c7962cbdcb51052628becc3fe73",
                "sha256:b5ea7d9837472560613c292e2faba96b97ffa9befc1dae3aad9802bb56fbaa97",
                "sha256:be2f67a1dc098029865b10d69986fe6f804549ee46170256d075cc3c3e349eb9",
                "sha256:c35cfbb19d1195df2c106d0d1d60801546178f5c9166c35dd551a0e39f31d629",
                "sha256:c3e74c73ca555c25b8e83a90c3ddf46debee8cbe03109c09f5c3e6e9edba1fa6",
                "sha256:caffd601a9cb095949841790839580df10da4b4328ebdbea365db881e6e10733",
                "sha256:ccc8b5f863b3a470ab52edd8448a25e83369699a11a5591d6e0a4a971c2b044c",
                "sha256:cf0b71ddab774f5cecb057da96b4b4194a99292828fc58f1e8b70ff24ed21c00",
                "sha256:d2e20ee9a21435e17f45564a35187a8e9d9083a4e888f40c6904b1d308f4facb",
                "sha256:d8377b2f84f7d753efda9aca7b336656c17d5fb1e04fa60eaed4538d6d31cf28",
                "sha256:d9bd4028365d013c76aa98c870bd8a7904d1ccf9a4249d851a1805a7c181f3bc",
                "sha256:db7753811bd8cf9df34a1f4517808cf3bfc184162e43d4c428092f4389313a78",
                "sha256:dbc46fca2a91e396de79920c42e261098d4504ec1a465d84c68ec7a1edbef158",
                "sha256:de06b2ea65bcf058e36c3ad81bca6d753b12459770feafe5ff6ccfdfc90d1749",
                "sha256:e548a381821457c34d8caccd34a3f5632703a379c64657d7eaac3fd71773d707",
                "sha256:e5e018d43cf07118aa8610d7dcf3c34ff66347a0acb7896840a05316a4c9e24e",
                "sha256:e77e8d3ecbdfd0b7f0e1ce3b9736c6979ae6474e16c199f614b9a3ef5600c805",
                "sha256:e7c7e23f1796179d42a8034c863db662095e289fe7be8864a16eb6b59456d628",
                "sha256:e9590c437ffc54d90ea6b4b7126d4cf68d3eb699dbb1269ed23a0fa2ee6e4997",
                "sha256:ed5f3e88284615707c99460bb97e5eede9525b0ad38bfe8df136f0e745960e9b",
                "sha256:f2457d868ef8e6135cc4e1772a462443e226d6c7f7544c4b4919364c22782427",
                "sha256:f4e7fbf8c4ad17ca0e6fae07665f21d5b690794805e7ee75838ffe9fbfb0c9a4",
                "sha256:f5b635432a611398bd09466e69f0e67aa6a30b404379dd327c30f29d41346b3c",
                "sha256:f7724124c6293010b25a0498e0cea74006097892b3d12a7248ab39270297e7aa",
                "sha256:f9288bf20eaf7b9b2e62976c843a8318cf2b69441bd472c376e4d8bab7c7f6da",
                "sha256:fa43926aaa54e165f67e0db6164017eca9048837eafa97e523e39ddce6b26a31",
                "sha256:faaa48906c8f396753f57dbc5daf6f7a104f5855d110580fadc48f68fd19fcf5",
                "sha256:fe1069154eb0da97f54cb6c95fa25c083c988cbf7f953d8712b67cb0cd8a0b6c",
                "sha256:ff0ca8c6009786d71e2e8c8bc7fa7910c4138ee9a5c5769434601be83d2c230c"
            ],
            "index": "pypi",
            "version": "==1.6.0"
        },
        "rawpy": {
            "hashes": [
                "sha256:0bc7943631c624fc604c4061ccdc18d6b25785d30db5368610809f9a4312990f",
                "sha256:2262088bd4fd768edd7576857a9215cfff5e84d61942336401ee5d9ca8f677e0",
                "sha256:2965d8c70af1b4ed6177a098871de1cc9204854278b9260d1e79639df40391ae",
                "sha256:353ea3a541bcfb7c7cd3c8d7fcaf5add8ed8d26efdcc1eef7cd353b5a3984800",
                "sha256:36f0f538e7433924093b0fe51fdb2b71d5eeaeda3861b595d04ccdd1263fee98",
                "sha256:3cac371c3b6302eb88bd1f33d43c7a92b5e553fdff14258b564f81e173a68c26",
                "sha256:449fc5cab0825b1e2094b56d239ef269028bd7cfd81fce4be9d736fe81a1b1f2",
                "sha256:45251e46c1d891a62919a4ac200a9828f825e3c59f89cea2f1daee0900ff15ec",
                "sha256:45b1b08a8d6fdc0139fea4c1389c17cb6f3d01b0581e71eef1337949a486550c",
                "sha256:4a0192f3ce982ea06cdb82196e96dca9e9d252f8715d2b363bcbb79553e2e89e",
                "sha256:7758606d5de8497a695511fbace40cb80138329ed0ad7a530d51bdc07eef1a6b",
                "sha256:8722fcd00b242e404ab8297d1f7bdd7d0bbe2a30c41a70815cbec74eb4583bed",
                "sha256:896b122852597b21c68bf22b96d74f344aa987672edbeefd098ab2aa9a430228",
                "sha256:8c34b76ecfdd5bf0b2d64ae6a05900841781870696917fefc97aa1ae0b76f9d0",
                "sha256:8e42d6218b507584b41ffdb86e1a6d8e2672bfe284a59df1dfdc57b3f8a27ffe",
                "sha256:9c210e65eaef5cb8ce46f6c12edaf8bbd64a192983361420892f2cd587d654db",
                "sha256:a1f4a1846247deff8b4c84b5b400541603d48be90bd36fa6d9a1f5fada023cae",
                "sha256:a949e9258af1d915b4316b77c8de9d9637d3624e6fe85a5bfb6cb4de15f485d6",
                "sha256:b2ba3abaee5aaf305302e529844058e80280a9b25d005168e50dcbebfb22b92d",
                "sha256:cb018c5d3273d09245bf8d4a7c6da9f2c4191b1ed04f45af4fcf978e2b2372ae",
                "sha256:cd80c608d741aed9dc014cdac2af3f83796bc73148dbb7b0ec1fa2ba715d7a53",
                "sha256:d5804548b0ba3d694274aac2c9655589e95c7bd284674d18fad149f52f6c42f6",
                "sha256:de1147e12f48e0ff436c618833b808c2c329c515c8fe4208c08e06526b8d7104",
                "sha256:e297fac04907328954ba2c9483d878b02afbbb1fd515f956acd6a7e3c0ce199b",
                "sha256:e30db7c559f33b55dfef5173bd4d96b34b1ec5eae138e01e22fb4b6bb6d9bdde"
            ],
            "index": "pypi",
            "markers": "python_version >= '3.9'",
            "version": "==0.27.0"
        },
        "tqdm": {
            "hashes": [
                "sha256:55b0b0dbd97462d06ebee91e4dac24ed4d4702be82b24f07e6c1d27e08cea220",
                "sha256:7f585706bfddbdebf89daac705b2dfcc16890130727d3197ca62c732b4310953"
            ],
            "index": "pypi",
            "markers": "python_version >= '3.8'",
            "version": "==4.70.0"
        }
    },
    "develop": {}
}
