{
    "_meta": {
        "hash": {
            "sha256": "3a37f223e638c74f75fb202ab6a32ac2824928e5d57a8f702bc89554ac40beba"
        },
        "pipfile-spec": 6,
        "requires": {
            "python_version": "3.11"
        },
        "sources": [
            {
                "name": "pypi",
                "url": "https://pypi.org/simple",
                "verify_ssl": true
            }
        ]
    },
    "default": {
        "colorama": {
            "hashes": [
                "sha256:08695f5cb7ed6e0531a20572697297273c47b8cae5a63ffc6d6ed5c201be6e44",
                "sha256:4f1d9991f5acc0ca119f9d443620b77f9d6b33703e51011c16baf57afb285fc6"
            ],
            "index": "pypi",
            "markers": "python_version >= '2.7' and python_version not in '3.0, 3.1, 3.2, 3.3, 3.4, 3.5, 3.6'",
            "version": "==0.4.6"
        },
        "exifread": {
            "hashes": [
                "sha256:0ac5a364169dbdf2bd62f94f5c073970ab6694a3166177f5e448b10c943e2ca4",
                "sha256:2c5c59ef03b3bbee75b82b82d2498006b3c13509f35c9a76c7552faff73fa2d5"
            ],
            "index": "pypi",
            "version": "==3.0.0"
        },
        "numpy": {
            "hashes": [
                "sha256:059e6a747ae84fce488c3ee397cee7e5f905fd1bda5fb18c66bc41807ff119b2",
                "sha256:08ef779aed40dbc52729d6ffe7dd51df85796a702afbf68a4f4e41fafdc8bda5",
                "sha256:164a829b6aacf79ca47ba4814b130c4020b202522a93d7bff2202bfb33b61c60",
                "sha256:26c9c4382b19fcfbbed3238a14abf7ff223890ea1936b8890f058e7ba35e8d71",
                "sha256:27f5cdf9f493b35f7e41e8368e7d7b4bbafaf9660cba53fb21d2cd174ec09631",
                "sha256:31b89fa67a8042e96715c68e071a1200c4e172f93b0fbe01a14c0ff3ff820fc8",
                "sha256:32cb94448be47c500d2c7a95f93e2f21a01f1fd05dd2beea1ccd049bb6001cd2",
                "sha256:360137f8fb1b753c5cde3ac388597ad680eccbbbb3865ab65efea062c4a1fd16",
                "sha256:3683a8d166f2692664262fd4900f207791d005fb088d7fdb973cc8d663626faa",
                "sha256:38efc1e56b73cc9b182fe55e56e63b044dd26a72128fd2fbd502f75555d92591",
                "sha256:3d03883435a19794e41f147612a77a8f56d4e52822337844fff3d4040a142964",
                "sha256:3ecc47cd7f6ea0336042be87d9e7da378e5c7e9b3c8ad0f7c966f714fc10d821",
                "sha256:40f9e544c1c56ba8f1cf7686a8c9b5bb249e665d40d626a23899ba6d5d9e1484",
                "sha256:4250888bcb96617e00bfa28ac24850a83c9f3a16db471eca2ee1f1714df0f957",
                "sha256:4511d9e6071452b944207c8ce46ad2f897307910b402ea5fa975da32e0102800",
                "sha256:45681fd7128c8ad1c379f0ca0776a8b0c6583d2f69889ddac01559dfe4390918",
                "sha256:48fd472630715e1c1c89bf1feab55c29098cb403cc184b4859f9c86d4fcb6a95",
                "sha256:4c86e2a209199ead7ee0af65e1d9992d1dce7e1f63c4b9a616500f93820658d0",
                "sha256:4dfda918a13cc4f81e9118dea249e192ab167a0bb1966272d5503e39234d694e",
                "sha256:5062dc1a4e32a10dc2b8b13cedd58988261416e811c1dc4dbdea4f57eea61b0d",
                "sha256:51faf345324db860b515d3f364eaa93d0e0551a88d6218a7d61286554d190d73",
                "sha256:526fc406ab991a340744aad7e25251dd47a6720a685fa3331e5c59fef5282a59",
                "sha256:53c09385ff0b72ba79d8715683c1168c12e0b6e84fb0372e97553d1ea91efe51",
                "sha256:55ba24ebe208344aa7a00e4482f65742969a039c2acfcb910bc6fcd776eb4355",
                "sha256:5b6c390bfaef8c45a260554888966618328d30e72173697e5cabe6b285fb2348",
                "sha256:5c5cc0cbabe9452038ed984d05ac87910f89370b9242371bd9079cb4af61811e",
                "sha256:5edb4e4caf751c1518e6a26a83501fda79bff41cc59dac48d70e6d65d4ec4440",
                "sha256:61048b4a49b1c93fe13426e04e04fdf5a03f456616f6e98c7576144677598675",
                "sha256:676f4eebf6b2d430300f1f4f4c2461685f8269f94c89698d832cdf9277f30b84",
                "sha256:67d4cda6fa6ffa073b08c8372aa5fa767ceb10c9a0587c707505a6d426f4e046",
                "sha256:694f9e921a0c8f252980e85bce61ebbd07ed2b7d4fa72d0e4246f2f8aa6642ab",
                "sha256:733585f9f4b62e9b3528dd1070ec4f52b8acf64215b60a845fa13ebd73cd0712",
                "sha256:7671dc19c7019103ca44e8d94917eba8534c76133523ca8406822efdd19c9308",
                "sha256:780077d95eafc2ccc3ced969db22377b3864e5b9a0ea5eb347cc93b3ea900315",
                "sha256:7ba9cc93a91d86365a5d270dee221fdc04fb68d7478e6bf6af650de78a8339e3",
                "sha256:89b16a18e7bba224ce5114db863e7029803c179979e1af6ad6a6b11f70545008",
                "sha256:9036d6365d13b6cbe8f27a0eaf73ddcc070cae584e5ff94bb45e3e9d729feab5",
                "sha256:93cf4e045bae74c90ca833cba583c14b62cb4ba2cba0abd2b141ab52548247e2",
                "sha256:9ad014faa93dbb52c80d8f4d3dcf855865c876c9660cb9bd7553843dd03a4b1e",
                "sha256:9b1d07b53b78bf84a96898c1bc139ad7f10fda7423f5fd158fd0f47ec5e01ac7",
                "sha256:a7746f235c47abc72b102d3bce9977714c2444bdfaea7888d241b4c4bb6a78bf",
                "sha256:aa3017c40d513ccac9621a2364f939d39e550c542eb2a894b4c8da92b38896ab",
                "sha256:b34d87e8a3090ea626003f87f9392b3929a7bbf4104a05b6667348b6bd4bf1cd",
                "sha256:b541032178a718c165a49638d28272b771053f628382d5e9d1c93df23ff58dbf",
                "sha256:ba5511d8f31c033a5fcbda22dd5c813630af98c70b2661f2d2c654ae3cdfcfc8",
                "sha256:bc8a37ad5b22c08e2dbd27df2b3ef7e5c0864235805b1e718a235bcb200cf1cb",
                "sha256:bff7d8ec20f5f42607599f9994770fa65d76edca264a87b5e4ea5629bce12268",
                "sha256:c1ad395cf254c4fbb5b2132fee391f361a6e8c1adbd28f2cd8e79308a615fe9d",
                "sha256:f1d09e520217618e76396377c81fba6f290d5f926f50c35f3a5f72b01a0da780",
                "sha256:f3eac17d9ec51be534685ba877b6ab5edc3ab7ec95c8f163e5d7b39859524716",
                "sha256:f419290bc8968a46c4933158c91a0012b7a99bb2e465d5ef5293879742f8797e",
                "sha256:f62aa6ee4eb43b024b0e5a01cf65a0bb078ef8c395e8713c6e8a12a697144528",
                "sha256:f74e6fdeb9a265624ec3a3918430205dff1df7e95a230779746a6af78bc615af",
                "sha256:f9b57eaa3b0cd8db52049ed0330747b0364e899e8a606a624813452b8203d5f7",
                "sha256:fce4f615f8ca31b2e61aa0eb5865a21e14f5629515c9151850aa936c02a1ee51"
            ],
            "markers": "python_version >= '3.10'",
            "version": "==2.2.1"
        },
        "pillow": {
            "hashes": [
                "sha256:00177a63030d612148e659b55ba99527803288cea7c75fb05766ab7981a8c1b7",
                "sha256:006bcdd307cc47ba43e924099a038cbf9591062e6c50e570819743f5607404f5",
                "sha256:084a07ef0821cfe4858fe86652fffac8e187b6ae677e9906e192aafcc1b69903",
                "sha256:0ae08bd8ffc41aebf578c2af2f9d8749d91f448b3bfd41d7d9ff573d74f2a6b2",
                "sha256:0e038b0745997c7dcaae350d35859c9715c71e92ffb7e0f4a8e8a16732150f38",
                "sha256:1187739620f2b365de756ce086fdb3604573337cc28a0d3ac4a01ab6b2d2a6d2",
                "sha256:16095692a253047fe3ec028e951fa4221a1f3ed3d80c397e83541a3037ff67c9",
                "sha256:1a61b54f87ab5786b8479f81c4b11f4d61702830354520837f8cc791ebba0f5f",
                "sha256:1c1d72714f429a521d8d2d018badc42414c3077eb187a59579f28e4270b4b0fc",
                "sha256:1e2688958a840c822279fda0086fec1fdab2f95bf2b717b66871c4ad9859d7e8",
                "sha256:20ec184af98a121fb2da42642dea8a29ec80fc3efbaefb86d8fdd2606619045d",
                "sha256:21a0d3b115009ebb8ac3d2ebec5c2982cc693da935f4ab7bb5c8ebe2f47d36f2",
                "sha256:224aaa38177597bb179f3ec87eeefcce8e4f85e608025e9cfac60de237ba6316",
                "sha256:2679d2258b7f1192b378e2893a8a0a0ca472234d4c2c0e6bdd3380e8dfa21b6a",
                "sha256:27a7860107500d813fcd203b4ea19b04babe79448268403172782754870dac25",
                "sha256:290f2cc809f9da7d6d622550bbf4c1e57518212da51b6a30fe8e0a270a5b78bd",
                "sha256:2e46773dc9f35a1dd28bd6981332fd7f27bec001a918a72a79b4133cf5291dba",
                "sha256:3107c66e43bda25359d5ef446f59c497de2b5ed4c7fdba0894f8d6cf3822dafc",
                "sha256:375b8dd15a1f5d2feafff536d47e22f69625c1aa92f12b339ec0b2ca40263273",
                "sha256:45c566eb10b8967d71bf1ab8e4a525e5a93519e29ea071459ce517f6b903d7fa",
                "sha256:499c3a1b0d6fc8213519e193796eb1a86a1be4b1877d678b30f83fd979811d1a",
                "sha256:4ad70c4214f67d7466bea6a08061eba35c01b1b89eaa098040a35272a8efb22b",
                "sha256:4b60c9520f7207aaf2e1d94de026682fc227806c6e1f55bba7606d1c94dd623a",
                "sha256:5178952973e588b3f1360868847334e9e3bf49d19e169bbbdfaf8398002419ae",
                "sha256:52a2d8323a465f84faaba5236567d212c3668f2ab53e1c74c15583cf507a0291",
                "sha256:598b4e238f13276e0008299bd2482003f48158e2b11826862b1eb2ad7c768b97",
                "sha256:5bd2d3bdb846d757055910f0a59792d33b555800813c3b39ada1829c372ccb06",
                "sha256:5c39ed17edea3bc69c743a8dd3e9853b7509625c2462532e62baa0732163a904",
                "sha256:5d203af30149ae339ad1b4f710d9844ed8796e97fda23ffbc4cc472968a47d0b",
                "sha256:5ddbfd761ee00c12ee1be86c9c0683ecf5bb14c9772ddbd782085779a63dd55b",
                "sha256:607bbe123c74e272e381a8d1957083a9463401f7bd01287f50521ecb05a313f8",
                "sha256:61b887f9ddba63ddf62fd02a3ba7add935d053b6dd7d58998c630e6dbade8527",
                "sha256:6619654954dc4936fcff82db8eb6401d3159ec6be81e33c6000dfd76ae189947",
                "sha256:674629ff60030d144b7bca2b8330225a9b11c482ed408813924619c6f302fdbb",
                "sha256:6ec0d5af64f2e3d64a165f490d96368bb5dea8b8f9ad04487f9ab60dc4bb6003",
                "sha256:6f4dba50cfa56f910241eb7f883c20f1e7b1d8f7d91c750cd0b318bad443f4d5",
                "sha256:70fbbdacd1d271b77b7721fe3cdd2d537bbbd75d29e6300c672ec6bb38d9672f",
                "sha256:72bacbaf24ac003fea9bff9837d1eedb6088758d41e100c1552930151f677739",
                "sha256:7326a1787e3c7b0429659e0a944725e1b03eeaa10edd945a86dead1913383944",
                "sha256:73853108f56df97baf2bb8b522f3578221e56f646ba345a372c78326710d3830",
                "sha256:73e3a0200cdda995c7e43dd47436c1548f87a30bb27fb871f352a22ab8dcf45f",
                "sha256:75acbbeb05b86bc53cbe7b7e6fe00fbcf82ad7c684b3ad82e3d711da9ba287d3",
                "sha256:8069c5179902dcdce0be9bfc8235347fdbac249d23bd90514b7a47a72d9fecf4",
                "sha256:846e193e103b41e984ac921b335df59195356ce3f71dcfd155aa79c603873b84",
                "sha256:8594f42df584e5b4bb9281799698403f7af489fba84c34d53d1c4bfb71b7c4e7",
                "sha256:86510e3f5eca0ab87429dd77fafc04693195eec7fd6a137c389c3eeb4cfb77c6",
                "sha256:8853a3bf12afddfdf15f57c4b02d7ded92c7a75a5d7331d19f4f9572a89c17e6",
                "sha256:88a58d8ac0cc0e7f3a014509f0455248a76629ca9b604eca7dc5927cc593c5e9",
                "sha256:8ba470552b48e5835f1d23ecb936bb7f71d206f9dfeee64245f30c3270b994de",
                "sha256:8c676b587da5673d3c75bd67dd2a8cdfeb282ca38a30f37950511766b26858c4",
                "sha256:8ec4a89295cd6cd4d1058a5e6aec6bf51e0eaaf9714774e1bfac7cfc9051db47",
                "sha256:94f3e1780abb45062287b4614a5bc0874519c86a777d4a7ad34978e86428b8dd",
                "sha256:9a0f748eaa434a41fccf8e1ee7a3eed68af1b690e75328fd7a60af123c193b50",
                "sha256:a5629742881bcbc1f42e840af185fd4d83a5edeb96475a575f4da50d6ede337c",
                "sha256:a65149d8ada1055029fcb665452b2814fe7d7082fcb0c5bed6db851cb69b2086",
                "sha256:b3c5ac4bed7519088103d9450a1107f76308ecf91d6dabc8a33a2fcfb18d0fba",
                "sha256:b4fd7bd29610a83a8c9b564d457cf5bd92b4e11e79a4ee4716a63c959699b306",
                "sha256:bcd1fb5bb7b07f64c15618c89efcc2cfa3e95f0e3bcdbaf4642509de1942a699",
                "sha256:c12b5ae868897c7338519c03049a806af85b9b8c237b7d675b8c5e089e4a618e",
                "sha256:c26845094b1af3c91852745ae78e3ea47abf3dbcd1cf962f16b9a5fbe3ee8488",
                "sha256:c6a660307ca9d4867caa8d9ca2c2658ab685de83792d1876274991adec7b93fa",
                "sha256:c809a70e43c7977c4a42aefd62f0131823ebf7dd73556fa5d5950f5b354087e2",
                "sha256:c8b2351c85d855293a299038e1f89db92a2f35e8d2f783489c6f0b2b5f3fe8a3",
                "sha256:cb929ca942d0ec4fac404cbf520ee6cac37bf35be479b970c4ffadf2b6a1cad9",
                "sha256:d2c0a187a92a1cb5ef2c8ed5412dd8d4334272617f532d4ad4de31e0495bd923",
                "sha256:d69bfd8ec3219ae71bcde1f942b728903cad25fafe3100ba2258b973bd2bc1b2",
                "sha256:daffdf51ee5db69a82dd127eabecce20729e21f7a3680cf7cbb23f0829189790",
                "sha256:e58876c91f97b0952eb766123bfef372792ab3f4e3e1f1a2267834c2ab131734",
                "sha256:eda2616eb2313cbb3eebbe51f19362eb434b18e3bb599466a1ffa76a033fb916",
                "sha256:ee217c198f2e41f184f3869f3e485557296d505b5195c513b2bfe0062dc537f1",
                "sha256:f02541ef64077f22bf4924f225c0fd1248c168f86e4b7abdedd87d6ebaceab0f",
                "sha256:f1b82c27e89fffc6da125d5eb0ca6e68017faf5efc078128cfaa42cf5cb38798",
                "sha256:fba162b8872d30fea8c52b258a542c5dfd7b235fb5cb352240c8d63b414013eb",
                "sha256:fbbcb7b57dc9c794843e3d1258c0fbf0f48656d46ffe9e09b63bbd6e8cd5d0a2",
                "sha256:fcb4621042ac4b7865c179bb972ed0da0218a076dc1820ffc48b1d74c1e37fe9"
            ],
            "index": "pypi",
            "markers": "python_version >= '3.9'",
            "version": "==11.0.0"
        },
        "pillow-avif-plugin": {
            "hashes": [
                "sha256:04f7efc2bd261331fbf946b8481b48d06e82bf69b14d32e5ee13d1fda6bca5e5",
                "sha256:08fd0f6b85264a043571affe8bc076e0a93974dbbf0dac8df1138da0bac1f7a3",
                "sha256:1508e58b163680d5814d7d89e92d3c0c0c321e8733dbd5e560e0a9564ce12fa0",
                "sha256:1686edf1b9462e4950a5f5672ba3ee6a90d600f6a09cb751266614c24309f11d",
                "sha256:1a7089e0245be8dd15fce649e658a8ef886691955d4ede691d4c619756890c88",
                "sha256:1fa15595fcef776890c13b662946fff014160b423449d324b942fcfb1c6e7336",
                "sha256:1fca2c44cba5d60883b07b8499ee12c4718de9c58b195f7c2ab009e8777607cc",
                "sha256:20d2d6d3faf469a09aa7de2182702974cdf68dc99907a9e0db076cd441df2e69",
                "sha256:23e9420d4710fbb8a2654e42daa2cc30f2d7f4e9d71654374155ac4ab794cb7b",
                "sha256:28d2d7d9957c5de572811a222558d262c9ffb916316fafcdda9a051df1a0c9f6",
                "sha256:2b033bb313a7d4d5959da63abccdabda8b32115a69e7d90838f80974da5e7098",
                "sha256:2c14a640428a329d7132f4d6ca5a9d4e55181bd0d79cc5d5acf87c60761140e9",
                "sha256:2cd412b955da5f15f951ae0aec371cec52e27f141693423e185b9af5ac3879b5",
                "sha256:30127a4a448d1ef2cf950a55a9b859fa9eaf4045c0e6cb89a3cf07c5a2a666c7",
                "sha256:341d2b034ddd69a2bf9d1577992915bd092706cc5cc879077a990c20f5327330",
                "sha256:36216c11f6e720037b1aca3a4df5c7671fa000d19261300574e23d4cddbec4c0",
                "sha256:39177b51dd03e904b972a5575fec16ce47e356b4e38b4a49f6ba49886cb7830a",
                "sha256:3bb2bd723fd731ff142ffa5785003faf6e1de339a544a87216d21d8edb34ef49",
                "sha256:41b28e3d0c05f65b3a809fb0134feb3100b060f1de766ad155de080fad1ed413",
                "sha256:42188e5122013fb338a2f4403914ddb9a895bfa1956c13a26f42701ed753d145",
                "sha256:49d94f02b3c2a5e9b2903ad495dde157ab64865ef634ba67c99426e261a559c0",
                "sha256:4c28e352036891d10eb1b04df1c04a605dfe62b0bc7f1a00493e018639229886",
                "sha256:5281a6e7b1d1dfcb350040cc31a3e71ac7c1fc17e0946490b3d1e18712492f24",
                "sha256:53ae4f3e766f9acfd3c0ebc0db38e90c8718b14e314389abd8222200fe88fda1",
                "sha256:5c6ed23a7e20b2602b24bc488721f1d758adb2cae8f7cc545ada2d285434d40b",
                "sha256:5faf219c2bc5f34fbcf5e3999bb893e0c4e2884eea722b1eb71f4fc851c852c3",
                "sha256:647e9040ba72da711a7fa00b0e592993f488c6b6b49b25d5eee79a7e61f4ed92",
                "sha256:6d1a4352eca96bcf1385214d0ee32b8cfed6cd8d33c57716d3e68770c3cd0ddd",
                "sha256:6eca29c23977d6a7874e25cfcf954aa2dfff568e52340544fe849d59ba156539",
                "sha256:749731bdd454a08205eb8aee30a5ea1151901a7784505a0622952054dfe218e8",
                "sha256:7603f976bdcecd129e747ee6f42af3b89b88cbbca1b3fed461579fe177bec4f9",
                "sha256:762bad86d048ccd8f71e3fbbba92a14e50640097428b34aeec74b7132e143b2c",
                "sha256:7878f9dc47a24b7ba36b2c328e98ba074528a978db50a592ece817a288258d78",
                "sha256:78ea13b9c5fd4d66af7e1fb3b536c01b8fa2db396fea1a8d2cd7ad3eeed00014",
                "sha256:80ee40f33938bd9aa3d3628d1c55465fde56a3aa026aa5f0cbb8b3a62a23aa33",
                "sha256:81225eb68dac3e3cb9cc6394ec0e484240e2abacb4ef9b730f720751c20c39e7",
                "sha256:81354d2bcd000d5a36c3ce7506ba529e639a9b5b439e7eb9893116310cdff855",
                "sha256:83f8963d82e5afe9fd93d74d688b6df557e481d93a1e5da491d6ac56a4cfb1dc",
                "sha256:845bcb4ad81ad73c07521362e73c2b77de3ea4aa5b09c52bce230bff0e8acdcc",
                "sha256:855f1d75073b80ec1e6c5b51e97172a3365c79df183d67a9ac372f8d04940d45",
                "sha256:856d4ab816c1b1b53078778a48c5cb90c986935a0c9c7ec6b4f6ec7c23823b30",
                "sha256:86b00124b01ad6cc859145b209e6698ef6371abe9ef57f8a69c20b2572b92a69",
                "sha256:86b76c39f2b08bc387b42a9ce11d54e536ab76761a9e5070f620524daf872bce",
                "sha256:8bae68179e21acc8a676d39e99382913406a19b627c6165048c9f06c5c21df3a",
                "sha256:8fc12dd81cc3c2290c579694c938b2f7a2f289aeb73f3accb25667388914eefa",
                "sha256:91478b27ec1cdf38d92f8e40e5df789284f995a7041ae5342f8edfae0aec2022",
                "sha256:9190008f75cf9f144e7016e17417a2a1b68c532bb8668e1e99ba7a02d8b874c7",
                "sha256:9232c31b2c3264f42a933a172f31e9c13dd4ea9f052fc5a2e72aefd2af70f329",
                "sha256:96688ec947be94ef54a76a6f4299bce65d978cd07d7ee931b71f2f521e3ac288",
                "sha256:9c3c0bd9a0ad9f1f16357cd1dc5a655da5916ddc04be3ed9320806afe802e1d7",
                "sha256:a078f67b2fbc3d1a94a56e4f1ca5f0b507d0be0566df12387d0e07f9fb8f84a1",
                "sha256:a6cdfd43178cd558e306bd835ba0af4107292b9934aac7a48817cc4b3da7531b",
                "sha256:a973d6894c43dc9fce2a9334baaf4b29818f1b412ee4c93159bd538f14d304cc",
                "sha256:ac9c90bf98a03b3d5257149fd08a5a33965eefcb997dd8e056ea976b7a241a26",
                "sha256:b489757b8c0e5aa2e58452c400e00f076dfd4c7962cbdcb51052628becc3fe73",
                "sha256:b5ea7d9837472560613c292e2faba96b97ffa9befc1dae3aad9802bb56fbaa97",
                "sha256:be2f67a1dc098029865b10d69986fe6f804549ee46170256d075cc3c3e349eb9",
                "sha256:c35cfbb19d1195df2c106d0d1d60801546178f5c9166c35dd551a0e39f31d629",
                "sha256:c3e74c73ca555c25b8e83a90c3ddf46debee8cbe03109c09f5c3e6e9edba1fa6",
                "sha256:caffd601a9cb095949841790839580df10da4b4328ebdbea365db881e6e10733",
                "sha256:ccc8b5f863b3a470ab52edd8448a25e83369699a11a5591d6e0a4a971c2b044c",
                "sha256:cf0b71ddab774f5cecb057da96b4b4194a99292828fc58f1e8b70ff24ed21c00",
                "sha256:d2e20ee9a21435e17f45564a35187a8e9d9083a4e888f40c6904b1d308f4facb",
                "sha256:d8377b2f84f7d753efda9aca7b336656c17d5fb1e04fa60eaed4538d6d31cf28",
                "sha256:d9bd4028365d013c76aa98c870bd8a7904d1ccf9a4249d851a1805a7c181f3bc",
                "sha256:db7753811bd8cf9df34a1f4517808cf3bfc184162e43d4c428092f4389313a78",
                "sha256:dbc46fca2a91e396de79920c42e261098d4504ec1a465d84c68ec7a1edbef158",
                "sha256:de06b2ea65bcf058e36c3ad81bca6d753b12459770feafe5ff6ccfdfc90d1749",
                "sha256:e548a381821457c34d8caccd34a3f5632703a379c64657d7eaac3fd71773d707",
                "sha256:e5e018d43cf07118aa8610d7dcf3c34ff66347a0acb7896840a05316a4c9e24e",
                "sha256:e77e8d3ecbdfd0b7f0e1ce3b9736c6979ae6474e16c199f614b9a3ef5600c805",
                "sha256:e7c7e23f1796179d42a8034c863db662095e289fe7be8864a16eb6b59456d628",
                "sha256:e9590c437ffc54d90ea6b4b7126d4cf68d3eb699dbb1269ed23a0fa2ee6e4997",
                "sha256:ed5f3e88284615707c99460bb97e5eede9525b0ad38bfe8df136f0e745960e9b",
                "sha256:f2457d868ef8e6135cc4e1772a462443e226d6c7f7544c4b4919364c22782427",
                "sha256:f4e7fbf8c4ad17ca0e6fae07665f21d5b690794805e7ee75838ffe9fbfb0c9a4",
                "sha256:f5b635432a611398bd09466e69f0e67aa6a30b404379dd327c30f29d41346b3c",
                "sha256:f7724124c6293010b25a0498e0cea74006097892b3d12a7248ab39270297e7aa",
                "sha256:f9288bf20eaf7b9b2e62976c843a8318cf2b69441bd472c376e4d8bab7c7f6da",
                "sha256:fa43926aaa54e165f67e0db6164017eca9048837eafa97e523e39ddce6b26a31",
                "sha256:faaa48906c8f396753f57dbc5daf6f7a104f5855d110580fadc48f68fd19fcf5",
                "sha256:fe1069154eb0da97f54cb6c95fa25c083c988cbf7f953d8712b67cb0cd8a0b6c",
                "sha256:ff0ca8c6009786d71e2e8c8bc7fa7910c4138ee9a5c5769434601be83d2c230c"
            ],
            "index": "pypi",
            "version": "==1.6.0"
        },
        "rawpy": {
            "hashes": [
                "sha256:0464164361c97bdd4dc10da17a11e9fa47a9e379c36ea4a1b68053c7ebe7b38f",
                "sha256:0744aa22d24fcae895eab98361f2ff3f1f494c43dc4ce22dec0b8b83ea2ed5dc",
                "sha256:1097b10eed4027e5b50006548190602e1adba9c824526b45f7a37781cfa01818",
                "sha256:17a970fd8cdece57929d6e99ce64503f21b51c00ab132bad53065bd523154892",
                "sha256:1a47d42794740d02059a93a40cc4b8f589bf73236490f76f7a88c4111b0c9a1c",
                "sha256:34faf669b49904e6bac540d8059dd3b1982c4fbff500512ba45f6cef0240e627",
                "sha256:4626b890ca933c096b064d563d7e713cff35ee9a9766636b660e7e098cab15f1",
                "sha256:4c684fa8766055ec5e0af1e5cc83cf1959f72b730eaed9baa4b1e57bc50f202f",
                "sha256:64c79d4a1e7e994eb73eb7af2f986f3d871931bb32c2faac9344e61f723b2aea",
                "sha256:691d6dc1dac2da3b9f7991b5eec6ff3e520c30e7820e33cb35828c35ff78eea4",
                "sha256:6e6d363adf4b9e1133d0e7b1a2551165fa559e827f98ed6992b92c1602acbcf2",
                "sha256:756c587ad93e008c27b538e42a8b8729c12e724dde48867029cab5715b3fba3b",
                "sha256:8689b12779f9ac7b59a744dc12390214b971a70cc121b25c9207f7367889e21d",
                "sha256:8ae80421393efd1c5db2b4e1d3db4f8b21bf112429014f4266a8e52dca50cad5",
                "sha256:9277f6839424ed88fe11a87f3e934987ff42846dcb73a9b8cb8e9f1e934ec6db",
                "sha256:a12fc4e6c5879b88c6937abb9f3f6670dd34d126b4a770ad4566e9f747e306fb",
                "sha256:a36b91c76b36c8728c1e30cc1ffadfb37c2612fba30914c6e8a1ab74813eb9c8",
                "sha256:b26cae58c2effbec506eeaf36e0ec0fd7bc0f40bebb2754686897ea6389a9f47",
                "sha256:c7cd218d0c5f7ff00dacfdea36756a5f1d76f3d36815e168a18a86059ff45b94",
                "sha256:c9f2e471412d649fcab7b2ae0ce70c4eb3546145038727ac4e0107937ce7d5b2",
                "sha256:cdc0a924eae47874bf0354a7a5aa1191b99cd0fe07464da21b4207b2f753a952",
                "sha256:d5f2fcebe8b32dc45b0e88619f9200d103d2b791c06549388b94e6ab70b098b9",
                "sha256:ed639b0dc91c3e85d6c39303a1523b7e1edc4f4b0381c376ed0ff99febb306e4",
                "sha256:ee0ce86b2d49f6936943cf633dff6320e83a500dd8c69652ab6f0bcf6b3b45c3",
                "sha256:ee8856d471676210e1db790d50c9b9853a578e3cf43c9988f28f799a172d0675"
            ],
            "index": "pypi",
            "version": "==0.24.0"
        },
        "tqdm": {
            "hashes": [
                "sha256:26445eca388f82e72884e0d580d5464cd801a3ea01e63e5601bdff9ba6a48de2",
                "sha256:f8aef9c52c08c13a65f30ea34f4e5aac3fd1a34959879d7e59e63027286627f2"
            ],
            "index": "pypi",
            "markers": "python_version >= '3.7'",
            "version": "==4.67.1"
        }
    },
    "develop": {}
}
